
Microsoft Visual Studio Solution File, Format Version 12.00
# Visual Studio Version 17
VisualStudioVersion = 17.4.33205.214
MinimumVisualStudioVersion = 10.0.40219.1
Project("{9A19103F-16F7-4668-BE54-9A1E7A4F7556}") = "FileDownloader", "File downloader\FileDownloader.csproj", "{DE53B753-8851-4EDF-9C20-8EF638A4BBA7}"
EndProject
Project("{9A19103F-16F7-4668-BE54-9A1E7A4F7556}") = "FileDownloader.DataAccess", "FileDownloader.DataAccess\FileDownloader.DataAccess.csproj", "{A9F2E6AC-2B62-4D00-878B-29D6881F0836}"
EndProject
Project("{FAE04EC0-301F-11D3-BF4B-00C04F79EFBC}") = "FileDownloader.Services", "FileDownloader.Services\FileDownloader.Services.csproj", "{20271E3B-45EF-4AFD-84B5-22B6D0F44242}"
EndProject
Global
	GlobalSection(SolutionConfigurationPlatforms) = preSolution
		Debug|Any CPU = Debug|Any CPU
		Release|Any CPU = Release|Any CPU
	EndGlobalSection
	GlobalSection(ProjectConfigurationPlatforms) = postSolution
		{DE53B753-8851-4EDF-9C20-8EF638A4BBA7}.Debug|Any CPU.ActiveCfg = Debug|Any CPU
		{DE53B753-8851-4EDF-9C20-8EF638A4BBA7}.Debug|Any CPU.Build.0 = Debug|Any CPU
		{DE53B753-8851-4EDF-9C20-8EF638A4BBA7}.Release|Any CPU.ActiveCfg = Release|Any CPU
		{DE53B753-8851-4EDF-9C20-8EF638A4BBA7}.Release|Any CPU.Build.0 = Release|Any CPU
		{A9F2E6AC-2B62-4D00-878B-29D6881F0836}.Debug|Any CPU.ActiveCfg = Debug|Any CPU
		{A9F2E6AC-2B62-4D00-878B-29D6881F0836}.Debug|Any CPU.Build.0 = Debug|Any CPU
		{A9F2E6AC-2B62-4D00-878B-29D6881F0836}.Release|Any CPU.ActiveCfg = Release|Any CPU
		{A9F2E6AC-2B62-4D00-878B-29D6881F0836}.Release|Any CPU.Build.0 = Release|Any CPU
		{20271E3B-45EF-4AFD-84B5-22B6D0F44242}.Debug|Any CPU.ActiveCfg = Debug|Any CPU
		{20271E3B-45EF-4AFD-84B5-22B6D0F44242}.Debug|Any CPU.Build.0 = Debug|Any CPU
		{20271E3B-45EF-4AFD-84B5-22B6D0F44242}.Release|Any CPU.ActiveCfg = Release|Any CPU
		{20271E3B-45EF-4AFD-84B5-22B6D0F44242}.Release|Any CPU.Build.0 = Release|Any CPU
	EndGlobalSection
	GlobalSection(SolutionProperties) = preSolution
		HideSolutionNode = FALSE
	EndGlobalSection
	GlobalSection(ExtensibilityGlobals) = postSolution
		SolutionGuid = {B1EFF6A4-63E5-4457-99A8-280C378345BB}
	EndGlobalSection
EndGlobal
