
Microsoft Visual Studio Solution File, Format Version 12.00
# Visual Studio Version 17
VisualStudioVersion = 17.4.33205.214
MinimumVisualStudioVersion = 10.0.40219.1
Project("{2150E333-8FDC-42A3-9474-1A3956D46DE8}") = "1. UI", "1. UI", "{57DC4B12-5840-4DE3-9E55-4CC22FFC8900}"
EndProject
Project("{2150E333-8FDC-42A3-9474-1A3956D46DE8}") = "2. Services", "2. Services", "{5EB3602F-4897-4F51-AD11-FBEA63DDC1B8}"
EndProject
Project("{2150E333-8FDC-42A3-9474-1A3956D46DE8}") = "3. DataAccess", "3. DataAccess", "{D9EAF325-921E-4D1C-9CB6-FB12BFABD178}"
EndProject
Project("{9A19103F-16F7-4668-BE54-9A1E7A4F7556}") = "FtpDownloader.UI", "FtpDownloader.UI\FtpDownloader.UI.csproj", "{05D23C3A-6E12-43A3-B975-56A410DAC551}"
EndProject
Project("{9A19103F-16F7-4668-BE54-9A1E7A4F7556}") = "FtpDownloader.Services", "FtpDownloader.Services\FtpDownloader.Services.csproj", "{B9F77A7E-19FF-4B1C-A512-7852EF570401}"
EndProject
Project("{9A19103F-16F7-4668-BE54-9A1E7A4F7556}") = "FtpDownloader.Services.Interfaces", "FtpDownloader.Services.Interfaces\FtpDownloader.Services.Interfaces.csproj", "{4CFD0C1A-6583-4778-81B0-76D53FDA2A58}"
EndProject
Project("{9A19103F-16F7-4668-BE54-9A1E7A4F7556}") = "FtpDownloader.DataAccess", "FtpDownloader.DataAccess\FtpDownloader.DataAccess.csproj", "{4F1A2E80-D701-4450-BD9B-52A77EAAE6AB}"
EndProject
Project("{9A19103F-16F7-4668-BE54-9A1E7A4F7556}") = "FtpDownloader.DataAccess.Interfaces", "FtpDownloader.DataAccess.Interfaces\FtpDownloader.DataAccess.Interfaces.csproj", "{9D83230F-5799-4694-9928-08B67C54B78B}"
EndProject
Project("{9A19103F-16F7-4668-BE54-9A1E7A4F7556}") = "FtpDownloader.UI.DataSources", "FtpDownloader.UI.DataSources\FtpDownloader.UI.DataSources.csproj", "{80BC2C8D-2F0C-4A8B-BE01-089F82432851}"
EndProject
Global
	GlobalSection(SolutionConfigurationPlatforms) = preSolution
		Debug|Any CPU = Debug|Any CPU
		Release|Any CPU = Release|Any CPU
	EndGlobalSection
	GlobalSection(ProjectConfigurationPlatforms) = postSolution
		{05D23C3A-6E12-43A3-B975-56A410DAC551}.Debug|Any CPU.ActiveCfg = Debug|Any CPU
		{05D23C3A-6E12-43A3-B975-56A410DAC551}.Debug|Any CPU.Build.0 = Debug|Any CPU
		{05D23C3A-6E12-43A3-B975-56A410DAC551}.Release|Any CPU.ActiveCfg = Release|Any CPU
		{05D23C3A-6E12-43A3-B975-56A410DAC551}.Release|Any CPU.Build.0 = Release|Any CPU
		{B9F77A7E-19FF-4B1C-A512-7852EF570401}.Debug|Any CPU.ActiveCfg = Debug|Any CPU
		{B9F77A7E-19FF-4B1C-A512-7852EF570401}.Debug|Any CPU.Build.0 = Debug|Any CPU
		{B9F77A7E-19FF-4B1C-A512-7852EF570401}.Release|Any CPU.ActiveCfg = Release|Any CPU
		{B9F77A7E-19FF-4B1C-A512-7852EF570401}.Release|Any CPU.Build.0 = Release|Any CPU
		{4CFD0C1A-6583-4778-81B0-76D53FDA2A58}.Debug|Any CPU.ActiveCfg = Debug|Any CPU
		{4CFD0C1A-6583-4778-81B0-76D53FDA2A58}.Debug|Any CPU.Build.0 = Debug|Any CPU
		{4CFD0C1A-6583-4778-81B0-76D53FDA2A58}.Release|Any CPU.ActiveCfg = Release|Any CPU
		{4CFD0C1A-6583-4778-81B0-76D53FDA2A58}.Release|Any CPU.Build.0 = Release|Any CPU
		{4F1A2E80-D701-4450-BD9B-52A77EAAE6AB}.Debug|Any CPU.ActiveCfg = Debug|Any CPU
		{4F1A2E80-D701-4450-BD9B-52A77EAAE6AB}.Debug|Any CPU.Build.0 = Debug|Any CPU
		{4F1A2E80-D701-4450-BD9B-52A77EAAE6AB}.Release|Any CPU.ActiveCfg = Release|Any CPU
		{4F1A2E80-D701-4450-BD9B-52A77EAAE6AB}.Release|Any CPU.Build.0 = Release|Any CPU
		{9D83230F-5799-4694-9928-08B67C54B78B}.Debug|Any CPU.ActiveCfg = Debug|Any CPU
		{9D83230F-5799-4694-9928-08B67C54B78B}.Debug|Any CPU.Build.0 = Debug|Any CPU
		{9D83230F-5799-4694-9928-08B67C54B78B}.Release|Any CPU.ActiveCfg = Release|Any CPU
		{9D83230F-5799-4694-9928-08B67C54B78B}.Release|Any CPU.Build.0 = Release|Any CPU
		{80BC2C8D-2F0C-4A8B-BE01-089F82432851}.Debug|Any CPU.ActiveCfg = Debug|Any CPU
		{80BC2C8D-2F0C-4A8B-BE01-089F82432851}.Debug|Any CPU.Build.0 = Debug|Any CPU
		{80BC2C8D-2F0C-4A8B-BE01-089F82432851}.Release|Any CPU.ActiveCfg = Release|Any CPU
		{80BC2C8D-2F0C-4A8B-BE01-089F82432851}.Release|Any CPU.Build.0 = Release|Any CPU
	EndGlobalSection
	GlobalSection(SolutionProperties) = preSolution
		HideSolutionNode = FALSE
	EndGlobalSection
	GlobalSection(NestedProjects) = preSolution
		{05D23C3A-6E12-43A3-B975-56A410DAC551} = {57DC4B12-5840-4DE3-9E55-4CC22FFC8900}
		{B9F77A7E-19FF-4B1C-A512-7852EF570401} = {5EB3602F-4897-4F51-AD11-FBEA63DDC1B8}
		{4CFD0C1A-6583-4778-81B0-76D53FDA2A58} = {5EB3602F-4897-4F51-AD11-FBEA63DDC1B8}
		{4F1A2E80-D701-4450-BD9B-52A77EAAE6AB} = {D9EAF325-921E-4D1C-9CB6-FB12BFABD178}
		{9D83230F-5799-4694-9928-08B67C54B78B} = {D9EAF325-921E-4D1C-9CB6-FB12BFABD178}
		{80BC2C8D-2F0C-4A8B-BE01-089F82432851} = {57DC4B12-5840-4DE3-9E55-4CC22FFC8900}
	EndGlobalSection
	GlobalSection(ExtensibilityGlobals) = postSolution
		SolutionGuid = {B1EFF6A4-63E5-4457-99A8-280C378345BB}
	EndGlobalSection
EndGlobal
