
Microsoft Visual Studio Solution File, Format Version 12.00
# Visual Studio Version 17
VisualStudioVersion = 17.4.33205.214
MinimumVisualStudioVersion = 10.0.40219.1
Project("{9A19103F-16F7-4668-BE54-9A1E7A4F7556}") = "FtpDownloader", "FtpDownloader\FtpDownloader.csproj", "{DC247F29-BF8D-4DC1-8042-DFE73C095E98}"
EndProject
Project("{9A19103F-16F7-4668-BE54-9A1E7A4F7556}") = "FtpDownloader.Services", "FtpDownloader.Services\FtpDownloader.Services.csproj", "{B9A2D785-ECE9-4C1F-B159-F1A19B973299}"
EndProject
Project("{9A19103F-16F7-4668-BE54-9A1E7A4F7556}") = "FtpDownloader.DataAccess", "FtpDownloader.DataAccess\FtpDownloader.DataAccess.csproj", "{97CA979C-5BD7-4377-8F5A-6094890EE8A1}"
EndProject
Global
	GlobalSection(SolutionConfigurationPlatforms) = preSolution
		Debug|Any CPU = Debug|Any CPU
		Release|Any CPU = Release|Any CPU
	EndGlobalSection
	GlobalSection(ProjectConfigurationPlatforms) = postSolution
		{DC247F29-BF8D-4DC1-8042-DFE73C095E98}.Debug|Any CPU.ActiveCfg = Debug|Any CPU
		{DC247F29-BF8D-4DC1-8042-DFE73C095E98}.Debug|Any CPU.Build.0 = Debug|Any CPU
		{DC247F29-BF8D-4DC1-8042-DFE73C095E98}.Release|Any CPU.ActiveCfg = Release|Any CPU
		{DC247F29-BF8D-4DC1-8042-DFE73C095E98}.Release|Any CPU.Build.0 = Release|Any CPU
		{B9A2D785-ECE9-4C1F-B159-F1A19B973299}.Debug|Any CPU.ActiveCfg = Debug|Any CPU
		{B9A2D785-ECE9-4C1F-B159-F1A19B973299}.Debug|Any CPU.Build.0 = Debug|Any CPU
		{B9A2D785-ECE9-4C1F-B159-F1A19B973299}.Release|Any CPU.ActiveCfg = Release|Any CPU
		{B9A2D785-ECE9-4C1F-B159-F1A19B973299}.Release|Any CPU.Build.0 = Release|Any CPU
		{97CA979C-5BD7-4377-8F5A-6094890EE8A1}.Debug|Any CPU.ActiveCfg = Debug|Any CPU
		{97CA979C-5BD7-4377-8F5A-6094890EE8A1}.Debug|Any CPU.Build.0 = Debug|Any CPU
		{97CA979C-5BD7-4377-8F5A-6094890EE8A1}.Release|Any CPU.ActiveCfg = Release|Any CPU
		{97CA979C-5BD7-4377-8F5A-6094890EE8A1}.Release|Any CPU.Build.0 = Release|Any CPU
	EndGlobalSection
	GlobalSection(SolutionProperties) = preSolution
		HideSolutionNode = FALSE
	EndGlobalSection
	GlobalSection(ExtensibilityGlobals) = postSolution
		SolutionGuid = {B1EFF6A4-63E5-4457-99A8-280C378345BB}
	EndGlobalSection
EndGlobal
